// !$*UTF8*$!
{
	archiveVersion = 1;
	classes = {
	};
	objectVersion = 56;
	objects = {

/* Begin PBXBuildFile section */
		2B0456D92C9826300015F09D /* app923App.swift in Sources */ = {isa = PBXBuildFile; fileRef = 2B0456D82C9826300015F09D /* app923App.swift */; };
		2B0456DB2C9826300015F09D /* ContentView.swift in Sources */ = {isa = PBXBuildFile; fileRef = 2B0456DA2C9826300015F09D /* ContentView.swift */; };
		2B0456DD2C9826320015F09D /* Assets.xcassets in Resources */ = {isa = PBXBuildFile; fileRef = 2B0456DC2C9826320015F09D /* Assets.xcassets */; };
		2B0456E02C9826320015F09D /* Preview Assets.xcassets in Resources */ = {isa = PBXBuildFile; fileRef = 2B0456DF2C9826320015F09D /* Preview Assets.xcassets */; };
		2B0456E82C9827620015F09D /* LoaderUIView.swift in Sources */ = {isa = PBXBuildFile; fileRef = 2B0456E72C9827620015F09D /* LoaderUIView.swift */; };
		2B0456EE2C9828270015F09D /* ReOnboardingUIView.swift in Sources */ = {isa = PBXBuildFile; fileRef = 2B0456ED2C9828270015F09D /* ReOnboardingUIView.swift */; };
		2B0456F02C9829C50015F09D /* UsOnboardingUIView.swift in Sources */ = {isa = PBXBuildFile; fileRef = 2B0456EF2C9829C50015F09D /* UsOnboardingUIView.swift */; };
		2B0456F32C9830080015F09D /* TabUIView.swift in Sources */ = {isa = PBXBuildFile; fileRef = 2B0456F22C9830080015F09D /* TabUIView.swift */; };
		2B0456F72C9835390015F09D /* HomeUIView.swift in Sources */ = {isa = PBXBuildFile; fileRef = 2B0456F62C9835390015F09D /* HomeUIView.swift */; };
		2B0456FA2C983C1F0015F09D /* CustomProgressView.swift in Sources */ = {isa = PBXBuildFile; fileRef = 2B0456F92C983C1F0015F09D /* CustomProgressView.swift */; };
		2B0457002C9840F30015F09D /* MyCollectionUIView.swift in Sources */ = {isa = PBXBuildFile; fileRef = 2B0456FF2C9840F30015F09D /* MyCollectionUIView.swift */; };
		2B0457022C98466C0015F09D /* TabBarItem.swift in Sources */ = {isa = PBXBuildFile; fileRef = 2B0457012C98466C0015F09D /* TabBarItem.swift */; };
		2B0457042C9846770015F09D /* TabBarView.swift in Sources */ = {isa = PBXBuildFile; fileRef = 2B0457032C9846770015F09D /* TabBarView.swift */; };
		2B0457062C9846DD0015F09D /* Product.swift in Sources */ = {isa = PBXBuildFile; fileRef = 2B0457052C9846DD0015F09D /* Product.swift */; };
		2B0457082C9847910015F09D /* NewProductUIView.swift in Sources */ = {isa = PBXBuildFile; fileRef = 2B0457072C9847910015F09D /* NewProductUIView.swift */; };
		2B04570A2C9849710015F09D /* ImagePicker.swift in Sources */ = {isa = PBXBuildFile; fileRef = 2B0457092C9849710015F09D /* ImagePicker.swift */; };
		2B04570C2C984D2E0015F09D /* CollectionViewModel.swift in Sources */ = {isa = PBXBuildFile; fileRef = 2B04570B2C984D2E0015F09D /* CollectionViewModel.swift */; };
		2B58EAEE2C998C3100EF694C /* CollectionCell.swift in Sources */ = {isa = PBXBuildFile; fileRef = 2B58EAED2C998C3100EF694C /* CollectionCell.swift */; };
		2B58EAF32C999C1500EF694C /* PlannedUIView.swift in Sources */ = {isa = PBXBuildFile; fileRef = 2B58EAF22C999C1500EF694C /* PlannedUIView.swift */; };
		2B58EAF52C999F3300EF694C /* PlannedProductCell.swift in Sources */ = {isa = PBXBuildFile; fileRef = 2B58EAF42C999F3300EF694C /* PlannedProductCell.swift */; };
		2B58EAFA2C99A2A800EF694C /* SettingsViewModel.swift in Sources */ = {isa = PBXBuildFile; fileRef = 2B58EAF92C99A2A800EF694C /* SettingsViewModel.swift */; };
		2B58EAFC2C99A2B300EF694C /* SettingsUIView.swift in Sources */ = {isa = PBXBuildFile; fileRef = 2B58EAFB2C99A2B300EF694C /* SettingsUIView.swift */; };
		2B6A05062CAD62C1000E0484 /* AwardUIView.swift in Sources */ = {isa = PBXBuildFile; fileRef = 2B6A05052CAD62C1000E0484 /* AwardUIView.swift */; };
		2B6A05082CAD646F000E0484 /* AwardCell.swift in Sources */ = {isa = PBXBuildFile; fileRef = 2B6A05072CAD646F000E0484 /* AwardCell.swift */; };
		2B6A050B2CAD6616000E0484 /* Award.swift in Sources */ = {isa = PBXBuildFile; fileRef = 2B6A050A2CAD6616000E0484 /* Award.swift */; };
		2B6A050D2CAD7012000E0484 /* NewAwardUIView.swift in Sources */ = {isa = PBXBuildFile; fileRef = 2B6A050C2CAD7012000E0484 /* NewAwardUIView.swift */; };
		2B6A050F2CAD73D0000E0484 /* AwardDetailsUIView.swift in Sources */ = {isa = PBXBuildFile; fileRef = 2B6A050E2CAD73D0000E0484 /* AwardDetailsUIView.swift */; };
		2B6A05112CAD7EA1000E0484 /* EditAwardUIView.swift in Sources */ = {isa = PBXBuildFile; fileRef = 2B6A05102CAD7EA1000E0484 /* EditAwardUIView.swift */; };
		2B6A051F2CAE8B9B000E0484 /* WUIView.swift in Sources */ = {isa = PBXBuildFile; fileRef = 2B6A051E2CAE8B9B000E0484 /* WUIView.swift */; };
		2B6A05212CAE8C16000E0484 /* Device.swift in Sources */ = {isa = PBXBuildFile; fileRef = 2B6A05202CAE8C16000E0484 /* Device.swift */; };
/* End PBXBuildFile section */

/* Begin PBXFileReference section */
		2B0456D52C9826300015F09D /* app923.app */ = {isa = PBXFileReference; explicitFileType = wrapper.application; includeInIndex = 0; path = app923.app; sourceTree = BUILT_PRODUCTS_DIR; };
		2B0456D82C9826300015F09D /* app923App.swift */ = {isa = PBXFileReference; lastKnownFileType = sourcecode.swift; path = app923App.swift; sourceTree = "<group>"; };
		2B0456DA2C9826300015F09D /* ContentView.swift */ = {isa = PBXFileReference; lastKnownFileType = sourcecode.swift; path = ContentView.swift; sourceTree = "<group>"; };
		2B0456DC2C9826320015F09D /* Assets.xcassets */ = {isa = PBXFileReference; lastKnownFileType = folder.assetcatalog; path = Assets.xcassets; sourceTree = "<group>"; };
		2B0456DF2C9826320015F09D /* Preview Assets.xcassets */ = {isa = PBXFileReference; lastKnownFileType = folder.assetcatalog; path = "Preview Assets.xcassets"; sourceTree = "<group>"; };
		2B0456E72C9827620015F09D /* LoaderUIView.swift */ = {isa = PBXFileReference; lastKnownFileType = sourcecode.swift; path = LoaderUIView.swift; sourceTree = "<group>"; };
		2B0456ED2C9828270015F09D /* ReOnboardingUIView.swift */ = {isa = PBXFileReference; lastKnownFileType = sourcecode.swift; path = ReOnboardingUIView.swift; sourceTree = "<group>"; };
		2B0456EF2C9829C50015F09D /* UsOnboardingUIView.swift */ = {isa = PBXFileReference; lastKnownFileType = sourcecode.swift; path = UsOnboardingUIView.swift; sourceTree = "<group>"; };
		2B0456F22C9830080015F09D /* TabUIView.swift */ = {isa = PBXFileReference; lastKnownFileType = sourcecode.swift; path = TabUIView.swift; sourceTree = "<group>"; };
		2B0456F62C9835390015F09D /* HomeUIView.swift */ = {isa = PBXFileReference; lastKnownFileType = sourcecode.swift; path = HomeUIView.swift; sourceTree = "<group>"; };
		2B0456F92C983C1F0015F09D /* CustomProgressView.swift */ = {isa = PBXFileReference; lastKnownFileType = sourcecode.swift; path = CustomProgressView.swift; sourceTree = "<group>"; };
		2B0456FF2C9840F30015F09D /* MyCollectionUIView.swift */ = {isa = PBXFileReference; lastKnownFileType = sourcecode.swift; path = MyCollectionUIView.swift; sourceTree = "<group>"; };
		2B0457012C98466C0015F09D /* TabBarItem.swift */ = {isa = PBXFileReference; lastKnownFileType = sourcecode.swift; path = TabBarItem.swift; sourceTree = "<group>"; };
		2B0457032C9846770015F09D /* TabBarView.swift */ = {isa = PBXFileReference; lastKnownFileType = sourcecode.swift; path = TabBarView.swift; sourceTree = "<group>"; };
		2B0457052C9846DD0015F09D /* Product.swift */ = {isa = PBXFileReference; lastKnownFileType = sourcecode.swift; path = Product.swift; sourceTree = "<group>"; };
		2B0457072C9847910015F09D /* NewProductUIView.swift */ = {isa = PBXFileReference; lastKnownFileType = sourcecode.swift; path = NewProductUIView.swift; sourceTree = "<group>"; };
		2B0457092C9849710015F09D /* ImagePicker.swift */ = {isa = PBXFileReference; lastKnownFileType = sourcecode.swift; path = ImagePicker.swift; sourceTree = "<group>"; };
		2B04570B2C984D2E0015F09D /* CollectionViewModel.swift */ = {isa = PBXFileReference; lastKnownFileType = sourcecode.swift; path = CollectionViewModel.swift; sourceTree = "<group>"; };
		2B58EAED2C998C3100EF694C /* CollectionCell.swift */ = {isa = PBXFileReference; lastKnownFileType = sourcecode.swift; path = CollectionCell.swift; sourceTree = "<group>"; };
		2B58EAF22C999C1500EF694C /* PlannedUIView.swift */ = {isa = PBXFileReference; lastKnownFileType = sourcecode.swift; path = PlannedUIView.swift; sourceTree = "<group>"; };
		2B58EAF42C999F3300EF694C /* PlannedProductCell.swift */ = {isa = PBXFileReference; lastKnownFileType = sourcecode.swift; path = PlannedProductCell.swift; sourceTree = "<group>"; };
		2B58EAF92C99A2A800EF694C /* SettingsViewModel.swift */ = {isa = PBXFileReference; lastKnownFileType = sourcecode.swift; path = SettingsViewModel.swift; sourceTree = "<group>"; };
		2B58EAFB2C99A2B300EF694C /* SettingsUIView.swift */ = {isa = PBXFileReference; lastKnownFileType = sourcecode.swift; path = SettingsUIView.swift; sourceTree = "<group>"; };
		2B6A05052CAD62C1000E0484 /* AwardUIView.swift */ = {isa = PBXFileReference; lastKnownFileType = sourcecode.swift; path = AwardUIView.swift; sourceTree = "<group>"; };
		2B6A05072CAD646F000E0484 /* AwardCell.swift */ = {isa = PBXFileReference; lastKnownFileType = sourcecode.swift; path = AwardCell.swift; sourceTree = "<group>"; };
		2B6A050A2CAD6616000E0484 /* Award.swift */ = {isa = PBXFileReference; lastKnownFileType = sourcecode.swift; path = Award.swift; sourceTree = "<group>"; };
		2B6A050C2CAD7012000E0484 /* NewAwardUIView.swift */ = {isa = PBXFileReference; lastKnownFileType = sourcecode.swift; path = NewAwardUIView.swift; sourceTree = "<group>"; };
		2B6A050E2CAD73D0000E0484 /* AwardDetailsUIView.swift */ = {isa = PBXFileReference; lastKnownFileType = sourcecode.swift; path = AwardDetailsUIView.swift; sourceTree = "<group>"; };
		2B6A05102CAD7EA1000E0484 /* EditAwardUIView.swift */ = {isa = PBXFileReference; lastKnownFileType = sourcecode.swift; path = EditAwardUIView.swift; sourceTree = "<group>"; };
		2B6A051E2CAE8B9B000E0484 /* WUIView.swift */ = {isa = PBXFileReference; lastKnownFileType = sourcecode.swift; path = WUIView.swift; sourceTree = "<group>"; };
		2B6A05202CAE8C16000E0484 /* Device.swift */ = {isa = PBXFileReference; lastKnownFileType = sourcecode.swift; path = Device.swift; sourceTree = "<group>"; };
/* End PBXFileReference section */

/* Begin PBXFrameworksBuildPhase section */
		2B0456D22C9826300015F09D /* Frameworks */ = {
			isa = PBXFrameworksBuildPhase;
			buildActionMask = 2147483647;
			files = (
			);
			runOnlyForDeploymentPostprocessing = 0;
		};
/* End PBXFrameworksBuildPhase section */

/* Begin PBXGroup section */
		2B0456CC2C9826300015F09D = {
			isa = PBXGroup;
			children = (
				2B0456D72C9826300015F09D /* app923 */,
				2B0456D62C9826300015F09D /* Products */,
			);
			sourceTree = "<group>";
		};
		2B0456D62C9826300015F09D /* Products */ = {
			isa = PBXGroup;
			children = (
				2B0456D52C9826300015F09D /* app923.app */,
			);
			name = Products;
			sourceTree = "<group>";
		};
		2B0456D72C9826300015F09D /* app923 */ = {
			isa = PBXGroup;
			children = (
				2B0456F82C983BFF0015F09D /* Service */,
				2B0456E92C9827F80015F09D /* First */,
				2B0456EA2C9827FD0015F09D /* Second */,
				2B0456E62C9827550015F09D /* LoaderView */,
				2B0456D82C9826300015F09D /* app923App.swift */,
				2B0456DA2C9826300015F09D /* ContentView.swift */,
				2B0456DC2C9826320015F09D /* Assets.xcassets */,
				2B0456DE2C9826320015F09D /* Preview Content */,
			);
			path = app923;
			sourceTree = "<group>";
		};
		2B0456DE2C9826320015F09D /* Preview Content */ = {
			isa = PBXGroup;
			children = (
				2B0456DF2C9826320015F09D /* Preview Assets.xcassets */,
			);
			path = "Preview Content";
			sourceTree = "<group>";
		};
		2B0456E62C9827550015F09D /* LoaderView */ = {
			isa = PBXGroup;
			children = (
				2B0456E72C9827620015F09D /* LoaderUIView.swift */,
			);
			path = LoaderView;
			sourceTree = "<group>";
		};
		2B0456E92C9827F80015F09D /* First */ = {
			isa = PBXGroup;
			children = (
				2B58EAF62C99A28E00EF694C /* Settings */,
				2B58EAEF2C999BD500EF694C /* Planned */,
				2B0456FB2C98404B0015F09D /* MyCollection */,
				2B0456F42C98351B0015F09D /* Home */,
				2B0456F12C982FF20015F09D /* TabBar */,
				2B0456EB2C9828030015F09D /* Onboarding */,
			);
			path = First;
			sourceTree = "<group>";
		};
		2B0456EA2C9827FD0015F09D /* Second */ = {
			isa = PBXGroup;
			children = (
				2B6A051D2CAE8B93000E0484 /* WUIView */,
				2B0456EC2C98280C0015F09D /* Onboarding */,
			);
			path = Second;
			sourceTree = "<group>";
		};
		2B0456EB2C9828030015F09D /* Onboarding */ = {
			isa = PBXGroup;
			children = (
				2B0456ED2C9828270015F09D /* ReOnboardingUIView.swift */,
			);
			path = Onboarding;
			sourceTree = "<group>";
		};
		2B0456EC2C98280C0015F09D /* Onboarding */ = {
			isa = PBXGroup;
			children = (
				2B0456EF2C9829C50015F09D /* UsOnboardingUIView.swift */,
			);
			path = Onboarding;
			sourceTree = "<group>";
		};
		2B0456F12C982FF20015F09D /* TabBar */ = {
			isa = PBXGroup;
			children = (
				2B0456F22C9830080015F09D /* TabUIView.swift */,
			);
			path = TabBar;
			sourceTree = "<group>";
		};
		2B0456F42C98351B0015F09D /* Home */ = {
			isa = PBXGroup;
			children = (
				2B0456F52C9835270015F09D /* View */,
			);
			path = Home;
			sourceTree = "<group>";
		};
		2B0456F52C9835270015F09D /* View */ = {
			isa = PBXGroup;
			children = (
				2B0456F62C9835390015F09D /* HomeUIView.swift */,
			);
			path = View;
			sourceTree = "<group>";
		};
		2B0456F82C983BFF0015F09D /* Service */ = {
			isa = PBXGroup;
			children = (
				2B0456F92C983C1F0015F09D /* CustomProgressView.swift */,
				2B0457032C9846770015F09D /* TabBarView.swift */,
				2B0457012C98466C0015F09D /* TabBarItem.swift */,
				2B0457092C9849710015F09D /* ImagePicker.swift */,
				2B6A05202CAE8C16000E0484 /* Device.swift */,
			);
			path = Service;
			sourceTree = "<group>";
		};
		2B0456FB2C98404B0015F09D /* MyCollection */ = {
			isa = PBXGroup;
			children = (
				2B0456FE2C98405D0015F09D /* Model */,
				2B0456FD2C9840590015F09D /* View */,
				2B0456FC2C9840540015F09D /* ViewModel */,
			);
			path = MyCollection;
			sourceTree = "<group>";
		};
		2B0456FC2C9840540015F09D /* ViewModel */ = {
			isa = PBXGroup;
			children = (
				2B04570B2C984D2E0015F09D /* CollectionViewModel.swift */,
			);
			path = ViewModel;
			sourceTree = "<group>";
		};
		2B0456FD2C9840590015F09D /* View */ = {
			isa = PBXGroup;
			children = (
				2B0456FF2C9840F30015F09D /* MyCollectionUIView.swift */,
				2B0457072C9847910015F09D /* NewProductUIView.swift */,
				2B58EAED2C998C3100EF694C /* CollectionCell.swift */,
			);
			path = View;
			sourceTree = "<group>";
		};
		2B0456FE2C98405D0015F09D /* Model */ = {
			isa = PBXGroup;
			children = (
				2B0457052C9846DD0015F09D /* Product.swift */,
			);
			path = Model;
			sourceTree = "<group>";
		};
		2B58EAEF2C999BD500EF694C /* Planned */ = {
			isa = PBXGroup;
			children = (
				2B58EAF12C999BE100EF694C /* View */,
			);
			path = Planned;
			sourceTree = "<group>";
		};
		2B58EAF12C999BE100EF694C /* View */ = {
			isa = PBXGroup;
			children = (
				2B58EAF22C999C1500EF694C /* PlannedUIView.swift */,
				2B58EAF42C999F3300EF694C /* PlannedProductCell.swift */,
			);
			path = View;
			sourceTree = "<group>";
		};
		2B58EAF62C99A28E00EF694C /* Settings */ = {
			isa = PBXGroup;
			children = (
				2B6A05092CAD660A000E0484 /* Model */,
				2B58EAF82C99A29B00EF694C /* View */,
				2B58EAF72C99A29600EF694C /* ViewModel */,
			);
			path = Settings;
			sourceTree = "<group>";
		};
		2B58EAF72C99A29600EF694C /* ViewModel */ = {
			isa = PBXGroup;
			children = (
				2B58EAF92C99A2A800EF694C /* SettingsViewModel.swift */,
			);
			path = ViewModel;
			sourceTree = "<group>";
		};
		2B58EAF82C99A29B00EF694C /* View */ = {
			isa = PBXGroup;
			children = (
				2B58EAFB2C99A2B300EF694C /* SettingsUIView.swift */,
				2B6A05052CAD62C1000E0484 /* AwardUIView.swift */,
				2B6A050E2CAD73D0000E0484 /* AwardDetailsUIView.swift */,
				2B6A050C2CAD7012000E0484 /* NewAwardUIView.swift */,
				2B6A05102CAD7EA1000E0484 /* EditAwardUIView.swift */,
				2B6A05072CAD646F000E0484 /* AwardCell.swift */,
			);
			path = View;
			sourceTree = "<group>";
		};
		2B6A05092CAD660A000E0484 /* Model */ = {
			isa = PBXGroup;
			children = (
				2B6A050A2CAD6616000E0484 /* Award.swift */,
			);
			path = Model;
			sourceTree = "<group>";
		};
		2B6A051D2CAE8B93000E0484 /* WUIView */ = {
			isa = PBXGroup;
			children = (
				2B6A051E2CAE8B9B000E0484 /* WUIView.swift */,
			);
			path = WUIView;
			sourceTree = "<group>";
		};
/* End PBXGroup section */

/* Begin PBXNativeTarget section */
		2B0456D42C9826300015F09D /* app923 */ = {
			isa = PBXNativeTarget;
			buildConfigurationList = 2B0456E32C9826320015F09D /* Build configuration list for PBXNativeTarget "app923" */;
			buildPhases = (
				2B0456D12C9826300015F09D /* Sources */,
				2B0456D22C9826300015F09D /* Frameworks */,
				2B0456D32C9826300015F09D /* Resources */,
			);
			buildRules = (
			);
			dependencies = (
			);
			name = app923;
			productName = app923;
			productReference = 2B0456D52C9826300015F09D /* app923.app */;
			productType = "com.apple.product-type.application";
		};
/* End PBXNativeTarget section */

/* Begin PBXProject section */
		2B0456CD2C9826300015F09D /* Project object */ = {
			isa = PBXProject;
			attributes = {
				BuildIndependentTargetsInParallel = 1;
				LastSwiftUpdateCheck = 1520;
				LastUpgradeCheck = 1520;
				TargetAttributes = {
					2B0456D42C9826300015F09D = {
						CreatedOnToolsVersion = 15.2;
					};
				};
			};
			buildConfigurationList = 2B0456D02C9826300015F09D /* Build configuration list for PBXProject "app923" */;
			compatibilityVersion = "Xcode 14.0";
			developmentRegion = en;
			hasScannedForEncodings = 0;
			knownRegions = (
				en,
				Base,
			);
			mainGroup = 2B0456CC2C9826300015F09D;
			productRefGroup = 2B0456D62C9826300015F09D /* Products */;
			projectDirPath = "";
			projectRoot = "";
			targets = (
				2B0456D42C9826300015F09D /* app923 */,
			);
		};
/* End PBXProject section */

/* Begin PBXResourcesBuildPhase section */
		2B0456D32C9826300015F09D /* Resources */ = {
			isa = PBXResourcesBuildPhase;
			buildActionMask = 2147483647;
			files = (
				2B0456E02C9826320015F09D /* Preview Assets.xcassets in Resources */,
				2B0456DD2C9826320015F09D /* Assets.xcassets in Resources */,
			);
			runOnlyForDeploymentPostprocessing = 0;
		};
/* End PBXResourcesBuildPhase section */

/* Begin PBXSourcesBuildPhase section */
		2B0456D12C9826300015F09D /* Sources */ = {
			isa = PBXSourcesBuildPhase;
			buildActionMask = 2147483647;
			files = (
				2B6A050B2CAD6616000E0484 /* Award.swift in Sources */,
				2B0456DB2C9826300015F09D /* ContentView.swift in Sources */,
				2B0457042C9846770015F09D /* TabBarView.swift in Sources */,
				2B0456D92C9826300015F09D /* app923App.swift in Sources */,
				2B6A051F2CAE8B9B000E0484 /* WUIView.swift in Sources */,
				2B04570A2C9849710015F09D /* ImagePicker.swift in Sources */,
				2B58EAF32C999C1500EF694C /* PlannedUIView.swift in Sources */,
				2B58EAFC2C99A2B300EF694C /* SettingsUIView.swift in Sources */,
				2B58EAFA2C99A2A800EF694C /* SettingsViewModel.swift in Sources */,
				2B6A05082CAD646F000E0484 /* AwardCell.swift in Sources */,
				2B0457022C98466C0015F09D /* TabBarItem.swift in Sources */,
				2B58EAF52C999F3300EF694C /* PlannedProductCell.swift in Sources */,
				2B0456F72C9835390015F09D /* HomeUIView.swift in Sources */,
				2B0457062C9846DD0015F09D /* Product.swift in Sources */,
				2B0457002C9840F30015F09D /* MyCollectionUIView.swift in Sources */,
				2B6A05062CAD62C1000E0484 /* AwardUIView.swift in Sources */,
				2B6A050F2CAD73D0000E0484 /* AwardDetailsUIView.swift in Sources */,
				2B0456F32C9830080015F09D /* TabUIView.swift in Sources */,
				2B04570C2C984D2E0015F09D /* CollectionViewModel.swift in Sources */,
				2B6A05212CAE8C16000E0484 /* Device.swift in Sources */,
				2B6A050D2CAD7012000E0484 /* NewAwardUIView.swift in Sources */,
				2B0457082C9847910015F09D /* NewProductUIView.swift in Sources */,
				2B6A05112CAD7EA1000E0484 /* EditAwardUIView.swift in Sources */,
				2B58EAEE2C998C3100EF694C /* CollectionCell.swift in Sources */,
				2B0456F02C9829C50015F09D /* UsOnboardingUIView.swift in Sources */,
				2B0456EE2C9828270015F09D /* ReOnboardingUIView.swift in Sources */,
				2B0456FA2C983C1F0015F09D /* CustomProgressView.swift in Sources */,
				2B0456E82C9827620015F09D /* LoaderUIView.swift in Sources */,
			);
			runOnlyForDeploymentPostprocessing = 0;
		};
/* End PBXSourcesBuildPhase section */

/* Begin XCBuildConfiguration section */
		2B0456E12C9826320015F09D /* Debug */ = {
			isa = XCBuildConfiguration;
			buildSettings = {
				ALWAYS_SEARCH_USER_PATHS = NO;
				ASSETCATALOG_COMPILER_GENERATE_SWIFT_ASSET_SYMBOL_EXTENSIONS = YES;
				CLANG_ANALYZER_NONNULL = YES;
				CLANG_ANALYZER_NUMBER_OBJECT_CONVERSION = YES_AGGRESSIVE;
				CLANG_CXX_LANGUAGE_STANDARD = "gnu++20";
				CLANG_ENABLE_MODULES = YES;
				CLANG_ENABLE_OBJC_ARC = YES;
				CLANG_ENABLE_OBJC_WEAK = YES;
				CLANG_WARN_BLOCK_CAPTURE_AUTORELEASING = YES;
				CLANG_WARN_BOOL_CONVERSION = YES;
				CLANG_WARN_COMMA = YES;
				CLANG_WARN_CONSTANT_CONVERSION = YES;
				CLANG_WARN_DEPRECATED_OBJC_IMPLEMENTATIONS = YES;
				CLANG_WARN_DIRECT_OBJC_ISA_USAGE = YES_ERROR;
				CLANG_WARN_DOCUMENTATION_COMMENTS = YES;
				CLANG_WARN_EMPTY_BODY = YES;
				CLANG_WARN_ENUM_CONVERSION = YES;
				CLANG_WARN_INFINITE_RECURSION = YES;
				CLANG_WARN_INT_CONVERSION = YES;
				CLANG_WARN_NON_LITERAL_NULL_CONVERSION = YES;
				CLANG_WARN_OBJC_IMPLICIT_RETAIN_SELF = YES;
				CLANG_WARN_OBJC_LITERAL_CONVERSION = YES;
				CLANG_WARN_OBJC_ROOT_CLASS = YES_ERROR;
				CLANG_WARN_QUOTED_INCLUDE_IN_FRAMEWORK_HEADER = YES;
				CLANG_WARN_RANGE_LOOP_ANALYSIS = YES;
				CLANG_WARN_STRICT_PROTOTYPES = YES;
				CLANG_WARN_SUSPICIOUS_MOVE = YES;
				CLANG_WARN_UNGUARDED_AVAILABILITY = YES_AGGRESSIVE;
				CLANG_WARN_UNREACHABLE_CODE = YES;
				CLANG_WARN__DUPLICATE_METHOD_MATCH = YES;
				COPY_PHASE_STRIP = NO;
				DEBUG_INFORMATION_FORMAT = dwarf;
				ENABLE_STRICT_OBJC_MSGSEND = YES;
				ENABLE_TESTABILITY = YES;
				ENABLE_USER_SCRIPT_SANDBOXING = YES;
				GCC_C_LANGUAGE_STANDARD = gnu17;
				GCC_DYNAMIC_NO_PIC = NO;
				GCC_NO_COMMON_BLOCKS = YES;
				GCC_OPTIMIZATION_LEVEL = 0;
				GCC_PREPROCESSOR_DEFINITIONS = (
					"DEBUG=1",
					"$(inherited)",
				);
				GCC_WARN_64_TO_32_BIT_CONVERSION = YES;
				GCC_WARN_ABOUT_RETURN_TYPE = YES_ERROR;
				GCC_WARN_UNDECLARED_SELECTOR = YES;
				GCC_WARN_UNINITIALIZED_AUTOS = YES_AGGRESSIVE;
				GCC_WARN_UNUSED_FUNCTION = YES;
				GCC_WARN_UNUSED_VARIABLE = YES;
				IPHONEOS_DEPLOYMENT_TARGET = 14.0;
				LOCALIZATION_PREFERS_STRING_CATALOGS = YES;
				MTL_ENABLE_DEBUG_INFO = INCLUDE_SOURCE;
				MTL_FAST_MATH = YES;
				ONLY_ACTIVE_ARCH = YES;
				SDKROOT = iphoneos;
				SWIFT_ACTIVE_COMPILATION_CONDITIONS = "DEBUG $(inherited)";
				SWIFT_OPTIMIZATION_LEVEL = "-Onone";
			};
			name = Debug;
		};
		2B0456E22C9826320015F09D /* Release */ = {
			isa = XCBuildConfiguration;
			buildSettings = {
				ALWAYS_SEARCH_USER_PATHS = NO;
				ASSETCATALOG_COMPILER_GENERATE_SWIFT_ASSET_SYMBOL_EXTENSIONS = YES;
				CLANG_ANALYZER_NONNULL = YES;
				CLANG_ANALYZER_NUMBER_OBJECT_CONVERSION = YES_AGGRESSIVE;
				CLANG_CXX_LANGUAGE_STANDARD = "gnu++20";
				CLANG_ENABLE_MODULES = YES;
				CLANG_ENABLE_OBJC_ARC = YES;
				CLANG_ENABLE_OBJC_WEAK = YES;
				CLANG_WARN_BLOCK_CAPTURE_AUTORELEASING = YES;
				CLANG_WARN_BOOL_CONVERSION = YES;
				CLANG_WARN_COMMA = YES;
				CLANG_WARN_CONSTANT_CONVERSION = YES;
				CLANG_WARN_DEPRECATED_OBJC_IMPLEMENTATIONS = YES;
				CLANG_WARN_DIRECT_OBJC_ISA_USAGE = YES_ERROR;
				CLANG_WARN_DOCUMENTATION_COMMENTS = YES;
				CLANG_WARN_EMPTY_BODY = YES;
				CLANG_WARN_ENUM_CONVERSION = YES;
				CLANG_WARN_INFINITE_RECURSION = YES;
				CLANG_WARN_INT_CONVERSION = YES;
				CLANG_WARN_NON_LITERAL_NULL_CONVERSION = YES;
				CLANG_WARN_OBJC_IMPLICIT_RETAIN_SELF = YES;
				CLANG_WARN_OBJC_LITERAL_CONVERSION = YES;
				CLANG_WARN_OBJC_ROOT_CLASS = YES_ERROR;
				CLANG_WARN_QUOTED_INCLUDE_IN_FRAMEWORK_HEADER = YES;
				CLANG_WARN_RANGE_LOOP_ANALYSIS = YES;
				CLANG_WARN_STRICT_PROTOTYPES = YES;
				CLANG_WARN_SUSPICIOUS_MOVE = YES;
				CLANG_WARN_UNGUARDED_AVAILABILITY = YES_AGGRESSIVE;
				CLANG_WARN_UNREACHABLE_CODE = YES;
				CLANG_WARN__DUPLICATE_METHOD_MATCH = YES;
				COPY_PHASE_STRIP = NO;
				DEBUG_INFORMATION_FORMAT = "dwarf-with-dsym";
				ENABLE_NS_ASSERTIONS = NO;
				ENABLE_STRICT_OBJC_MSGSEND = YES;
				ENABLE_USER_SCRIPT_SANDBOXING = YES;
				GCC_C_LANGUAGE_STANDARD = gnu17;
				GCC_NO_COMMON_BLOCKS = YES;
				GCC_WARN_64_TO_32_BIT_CONVERSION = YES;
				GCC_WARN_ABOUT_RETURN_TYPE = YES_ERROR;
				GCC_WARN_UNDECLARED_SELECTOR = YES;
				GCC_WARN_UNINITIALIZED_AUTOS = YES_AGGRESSIVE;
				GCC_WARN_UNUSED_FUNCTION = YES;
				GCC_WARN_UNUSED_VARIABLE = YES;
				IPHONEOS_DEPLOYMENT_TARGET = 14.0;
				LOCALIZATION_PREFERS_STRING_CATALOGS = YES;
				MTL_ENABLE_DEBUG_INFO = NO;
				MTL_FAST_MATH = YES;
				SDKROOT = iphoneos;
				SWIFT_COMPILATION_MODE = wholemodule;
				VALIDATE_PRODUCT = YES;
			};
			name = Release;
		};
		2B0456E42C9826320015F09D /* Debug */ = {
			isa = XCBuildConfiguration;
			buildSettings = {
				ASSETCATALOG_COMPILER_APPICON_NAME = AppIcon;
				ASSETCATALOG_COMPILER_GLOBAL_ACCENT_COLOR_NAME = AccentColor;
				CODE_SIGN_STYLE = Automatic;
				CURRENT_PROJECT_VERSION = 1;
				DEVELOPMENT_ASSET_PATHS = "\"app923/Preview Content\"";
				ENABLE_PREVIEWS = YES;
				GENERATE_INFOPLIST_FILE = YES;
				INFOPLIST_KEY_CFBundleDisplayName = "Pocket Training";
				INFOPLIST_KEY_UIApplicationSceneManifest_Generation = YES;
				INFOPLIST_KEY_UIApplicationSupportsIndirectInputEvents = YES;
				INFOPLIST_KEY_UILaunchScreen_Generation = YES;
				INFOPLIST_KEY_UISupportedInterfaceOrientations = UIInterfaceOrientationPortrait;
				INFOPLIST_KEY_UISupportedInterfaceOrientations_iPad = "UIInterfaceOrientationLandscapeLeft UIInterfaceOrientationLandscapeRight UIInterfaceOrientationPortrait UIInterfaceOrientationPortraitUpsideDown";
				LD_RUNPATH_SEARCH_PATHS = (
					"$(inherited)",
					"@executable_path/Frameworks",
				);
				MARKETING_VERSION = 1.0;
				PRODUCT_BUNDLE_IDENTIFIER = com.dias.app923;
				PRODUCT_NAME = "$(TARGET_NAME)";
				SUPPORTED_PLATFORMS = "iphoneos iphonesimulator";
				SUPPORTS_MACCATALYST = NO;
				SUPPORTS_MAC_DESIGNED_FOR_IPHONE_IPAD = NO;
				SUPPORTS_XR_DESIGNED_FOR_IPHONE_IPAD = NO;
				SWIFT_EMIT_LOC_STRINGS = YES;
				SWIFT_VERSION = 5.0;
				TARGETED_DEVICE_FAMILY = 1;
			};
			name = Debug;
		};
		2B0456E52C9826320015F09D /* Release */ = {
			isa = XCBuildConfiguration;
			buildSettings = {
				ASSETCATALOG_COMPILER_APPICON_NAME = AppIcon;
				ASSETCATALOG_COMPILER_GLOBAL_ACCENT_COLOR_NAME = AccentColor;
				CODE_SIGN_STYLE = Automatic;
				CURRENT_PROJECT_VERSION = 1;
				DEVELOPMENT_ASSET_PATHS = "\"app923/Preview Content\"";
				ENABLE_PREVIEWS = YES;
				GENERATE_INFOPLIST_FILE = YES;
				INFOPLIST_KEY_CFBundleDisplayName = "Pocket Training";
				INFOPLIST_KEY_UIApplicationSceneManifest_Generation = YES;
				INFOPLIST_KEY_UIApplicationSupportsIndirectInputEvents = YES;
				INFOPLIST_KEY_UILaunchScreen_Generation = YES;
				INFOPLIST_KEY_UISupportedInterfaceOrientations = UIInterfaceOrientationPortrait;
				INFOPLIST_KEY_UISupportedInterfaceOrientations_iPad = "UIInterfaceOrientationLandscapeLeft UIInterfaceOrientationLandscapeRight UIInterfaceOrientationPortrait UIInterfaceOrientationPortraitUpsideDown";
				LD_RUNPATH_SEARCH_PATHS = (
					"$(inherited)",
					"@executable_path/Frameworks",
				);
				MARKETING_VERSION = 1.0;
				PRODUCT_BUNDLE_IDENTIFIER = com.dias.app923;
				PRODUCT_NAME = "$(TARGET_NAME)";
				SUPPORTED_PLATFORMS = "iphoneos iphonesimulator";
				SUPPORTS_MACCATALYST = NO;
				SUPPORTS_MAC_DESIGNED_FOR_IPHONE_IPAD = NO;
				SUPPORTS_XR_DESIGNED_FOR_IPHONE_IPAD = NO;
				SWIFT_EMIT_LOC_STRINGS = YES;
				SWIFT_VERSION = 5.0;
				TARGETED_DEVICE_FAMILY = 1;
			};
			name = Release;
		};
/* End XCBuildConfiguration section */

/* Begin XCConfigurationList section */
		2B0456D02C9826300015F09D /* Build configuration list for PBXProject "app923" */ = {
			isa = XCConfigurationList;
			buildConfigurations = (
				2B0456E12C9826320015F09D /* Debug */,
				2B0456E22C9826320015F09D /* Release */,
			);
			defaultConfigurationIsVisible = 0;
			defaultConfigurationName = Release;
		};
		2B0456E32C9826320015F09D /* Build configuration list for PBXNativeTarget "app923" */ = {
			isa = XCConfigurationList;
			buildConfigurations = (
				2B0456E42C9826320015F09D /* Debug */,
				2B0456E52C9826320015F09D /* Release */,
			);
			defaultConfigurationIsVisible = 0;
			defaultConfigurationName = Release;
		};
/* End XCConfigurationList section */
	};
	rootObject = 2B0456CD2C9826300015F09D /* Project object */;
}
